// !$*UTF8*$!
{
	archiveVersion = 1;
	classes = {
	};
	objectVersion = 46;
	objects = {

/* Begin PBXBuildFile section */
		F65CBABA1F4668EA0045DD7D /* PostDetailViewController.swift in Sources */ = {isa = PBXBuildFile; fileRef = F65CBAB91F4668EA0045DD7D /* PostDetailViewController.swift */; };
		F6762D7D1F5AFE4D0029B7C4 /* TopPostsViewController.swift in Sources */ = {isa = PBXBuildFile; fileRef = F6762D7C1F5AFE4D0029B7C4 /* TopPostsViewController.swift */; };
		F6B200531F462B4B002CA624 /* AppDelegate.swift in Sources */ = {isa = PBXBuildFile; fileRef = F6B200521F462B4B002CA624 /* AppDelegate.swift */; };
		F6B200551F462B4B002CA624 /* ViewController.swift in Sources */ = {isa = PBXBuildFile; fileRef = F6B200541F462B4B002CA624 /* ViewController.swift */; };
		F6B200581F462B4B002CA624 /* Main.storyboard in Resources */ = {isa = PBXBuildFile; fileRef = F6B200561F462B4B002CA624 /* Main.storyboard */; };
		F6B2005A1F462B4B002CA624 /* Assets.xcassets in Resources */ = {isa = PBXBuildFile; fileRef = F6B200591F462B4B002CA624 /* Assets.xcassets */; };
		F6B2005D1F462B4B002CA624 /* LaunchScreen.storyboard in Resources */ = {isa = PBXBuildFile; fileRef = F6B2005B1F462B4B002CA624 /* LaunchScreen.storyboard */; };
		F6B200651F462FD7002CA624 /* TableViewCell.swift in Sources */ = {isa = PBXBuildFile; fileRef = F6B200641F462FD7002CA624 /* TableViewCell.swift */; };
		F6B200671F4635BF002CA624 /* PosterViewController.swift in Sources */ = {isa = PBXBuildFile; fileRef = F6B200661F4635BF002CA624 /* PosterViewController.swift */; };
		F6B200691F4637D1002CA624 /* Post.swift in Sources */ = {isa = PBXBuildFile; fileRef = F6B200681F4637D1002CA624 /* Post.swift */; };
		F6C098881F47C6BD00F16746 /* CommentCell.swift in Sources */ = {isa = PBXBuildFile; fileRef = F6C098871F47C6BD00F16746 /* CommentCell.swift */; };
		F6C0988A1F47CA0100F16746 /* Comment.swift in Sources */ = {isa = PBXBuildFile; fileRef = F6C098891F47CA0100F16746 /* Comment.swift */; };
		F6C0988C1F47CD5400F16746 /* CommenterViewController.swift in Sources */ = {isa = PBXBuildFile; fileRef = F6C0988B1F47CD5400F16746 /* CommenterViewController.swift */; };
		F749371C779F3820CFFAF06E /* Pods_uprm1.framework in Frameworks */ = {isa = PBXBuildFile; fileRef = 9E5EEAD74313E239BDBC2F6F /* Pods_uprm1.framework */; };
/* End PBXBuildFile section */

/* Begin PBXFileReference section */
		2640103034691582D0FA2499 /* Pods-uprm1.debug.xcconfig */ = {isa = PBXFileReference; includeInIndex = 1; lastKnownFileType = text.xcconfig; name = "Pods-uprm1.debug.xcconfig"; path = "Pods/Target Support Files/Pods-uprm1/Pods-uprm1.debug.xcconfig"; sourceTree = "<group>"; };
		9E5EEAD74313E239BDBC2F6F /* Pods_uprm1.framework */ = {isa = PBXFileReference; explicitFileType = wrapper.framework; includeInIndex = 0; path = Pods_uprm1.framework; sourceTree = BUILT_PRODUCTS_DIR; };
		E783FCFC94C3455547FD4C9D /* Pods-uprm1.release.xcconfig */ = {isa = PBXFileReference; includeInIndex = 1; lastKnownFileType = text.xcconfig; name = "Pods-uprm1.release.xcconfig"; path = "Pods/Target Support Files/Pods-uprm1/Pods-uprm1.release.xcconfig"; sourceTree = "<group>"; };
		F65CBAB91F4668EA0045DD7D /* PostDetailViewController.swift */ = {isa = PBXFileReference; fileEncoding = 4; lastKnownFileType = sourcecode.swift; path = PostDetailViewController.swift; sourceTree = "<group>"; };
		F6762D7C1F5AFE4D0029B7C4 /* TopPostsViewController.swift */ = {isa = PBXFileReference; fileEncoding = 4; lastKnownFileType = sourcecode.swift; path = TopPostsViewController.swift; sourceTree = "<group>"; };
		F6B2004F1F462B4B002CA624 /* uprm1.app */ = {isa = PBXFileReference; explicitFileType = wrapper.application; includeInIndex = 0; path = uprm1.app; sourceTree = BUILT_PRODUCTS_DIR; };
		F6B200521F462B4B002CA624 /* AppDelegate.swift */ = {isa = PBXFileReference; lastKnownFileType = sourcecode.swift; path = AppDelegate.swift; sourceTree = "<group>"; };
		F6B200541F462B4B002CA624 /* ViewController.swift */ = {isa = PBXFileReference; lastKnownFileType = sourcecode.swift; path = ViewController.swift; sourceTree = "<group>"; };
		F6B200571F462B4B002CA624 /* Base */ = {isa = PBXFileReference; lastKnownFileType = file.storyboard; name = Base; path = Base.lproj/Main.storyboard; sourceTree = "<group>"; };
		F6B200591F462B4B002CA624 /* Assets.xcassets */ = {isa = PBXFileReference; lastKnownFileType = folder.assetcatalog; path = Assets.xcassets; sourceTree = "<group>"; };
		F6B2005C1F462B4B002CA624 /* Base */ = {isa = PBXFileReference; lastKnownFileType = file.storyboard; name = Base; path = Base.lproj/LaunchScreen.storyboard; sourceTree = "<group>"; };
		F6B2005E1F462B4B002CA624 /* Info.plist */ = {isa = PBXFileReference; lastKnownFileType = text.plist.xml; path = Info.plist; sourceTree = "<group>"; };
		F6B200641F462FD7002CA624 /* TableViewCell.swift */ = {isa = PBXFileReference; fileEncoding = 4; lastKnownFileType = sourcecode.swift; path = TableViewCell.swift; sourceTree = "<group>"; };
		F6B200661F4635BF002CA624 /* PosterViewController.swift */ = {isa = PBXFileReference; fileEncoding = 4; lastKnownFileType = sourcecode.swift; path = PosterViewController.swift; sourceTree = "<group>"; };
		F6B200681F4637D1002CA624 /* Post.swift */ = {isa = PBXFileReference; fileEncoding = 4; lastKnownFileType = sourcecode.swift; path = Post.swift; sourceTree = "<group>"; };
		F6C098871F47C6BD00F16746 /* CommentCell.swift */ = {isa = PBXFileReference; fileEncoding = 4; lastKnownFileType = sourcecode.swift; path = CommentCell.swift; sourceTree = "<group>"; };
		F6C098891F47CA0100F16746 /* Comment.swift */ = {isa = PBXFileReference; fileEncoding = 4; lastKnownFileType = sourcecode.swift; path = Comment.swift; sourceTree = "<group>"; };
		F6C0988B1F47CD5400F16746 /* CommenterViewController.swift */ = {isa = PBXFileReference; fileEncoding = 4; lastKnownFileType = sourcecode.swift; path = CommenterViewController.swift; sourceTree = "<group>"; };
/* End PBXFileReference section */

/* Begin PBXFrameworksBuildPhase section */
		F6B2004C1F462B4B002CA624 /* Frameworks */ = {
			isa = PBXFrameworksBuildPhase;
			buildActionMask = 2147483647;
			files = (
				F749371C779F3820CFFAF06E /* Pods_uprm1.framework in Frameworks */,
			);
			runOnlyForDeploymentPostprocessing = 0;
		};
/* End PBXFrameworksBuildPhase section */

/* Begin PBXGroup section */
		6FA50C9367A4276EE25BF4BB /* Frameworks */ = {
			isa = PBXGroup;
			children = (
				9E5EEAD74313E239BDBC2F6F /* Pods_uprm1.framework */,
			);
			name = Frameworks;
			sourceTree = "<group>";
		};
		97876D12A516560C6D86D98E /* Pods */ = {
			isa = PBXGroup;
			children = (
				2640103034691582D0FA2499 /* Pods-uprm1.debug.xcconfig */,
				E783FCFC94C3455547FD4C9D /* Pods-uprm1.release.xcconfig */,
			);
			name = Pods;
			sourceTree = "<group>";
		};
		F6B200461F462B4B002CA624 = {
			isa = PBXGroup;
			children = (
				F6B200511F462B4B002CA624 /* uprm1 */,
				F6B200501F462B4B002CA624 /* Products */,
				97876D12A516560C6D86D98E /* Pods */,
				6FA50C9367A4276EE25BF4BB /* Frameworks */,
			);
			sourceTree = "<group>";
		};
		F6B200501F462B4B002CA624 /* Products */ = {
			isa = PBXGroup;
			children = (
				F6B2004F1F462B4B002CA624 /* uprm1.app */,
			);
			name = Products;
			sourceTree = "<group>";
		};
		F6B200511F462B4B002CA624 /* uprm1 */ = {
			isa = PBXGroup;
			children = (
				F6B200561F462B4B002CA624 /* Main.storyboard */,
				F6B200521F462B4B002CA624 /* AppDelegate.swift */,
				F6762D7C1F5AFE4D0029B7C4 /* TopPostsViewController.swift */,
				F6B200541F462B4B002CA624 /* ViewController.swift */,
				F65CBAB91F4668EA0045DD7D /* PostDetailViewController.swift */,
				F6B200591F462B4B002CA624 /* Assets.xcassets */,
				F6B200641F462FD7002CA624 /* TableViewCell.swift */,
				F6B2005B1F462B4B002CA624 /* LaunchScreen.storyboard */,
				F6B200681F4637D1002CA624 /* Post.swift */,
				F6C098871F47C6BD00F16746 /* CommentCell.swift */,
				F6C098891F47CA0100F16746 /* Comment.swift */,
				F6C0988B1F47CD5400F16746 /* CommenterViewController.swift */,
				F6B200661F4635BF002CA624 /* PosterViewController.swift */,
				F6B2005E1F462B4B002CA624 /* Info.plist */,
			);
			path = uprm1;
			sourceTree = "<group>";
		};
/* End PBXGroup section */

/* Begin PBXNativeTarget section */
		F6B2004E1F462B4B002CA624 /* uprm1 */ = {
			isa = PBXNativeTarget;
			buildConfigurationList = F6B200611F462B4B002CA624 /* Build configuration list for PBXNativeTarget "uprm1" */;
			buildPhases = (
				F1AD5269C37E4B6EA1CECF4D /* [CP] Check Pods Manifest.lock */,
				F6B2004B1F462B4B002CA624 /* Sources */,
				F6B2004C1F462B4B002CA624 /* Frameworks */,
				F6B2004D1F462B4B002CA624 /* Resources */,
				496F79A6D8A71DF8EDDE21E4 /* [CP] Embed Pods Frameworks */,
				542F422AF344EDCFFD7AD09B /* [CP] Copy Pods Resources */,
			);
			buildRules = (
			);
			dependencies = (
			);
			name = uprm1;
			productName = uprm1;
			productReference = F6B2004F1F462B4B002CA624 /* uprm1.app */;
			productType = "com.apple.product-type.application";
		};
/* End PBXNativeTarget section */

/* Begin PBXProject section */
		F6B200471F462B4B002CA624 /* Project object */ = {
			isa = PBXProject;
			attributes = {
				LastSwiftUpdateCheck = 0830;
				LastUpgradeCheck = 0830;
				ORGANIZATIONNAME = "Javier Bustillo";
				TargetAttributes = {
					F6B2004E1F462B4B002CA624 = {
						CreatedOnToolsVersion = 8.3.3;
						DevelopmentTeam = YQ83KTS9QR;
						ProvisioningStyle = Automatic;
					};
				};
			};
			buildConfigurationList = F6B2004A1F462B4B002CA624 /* Build configuration list for PBXProject "uprm1" */;
			compatibilityVersion = "Xcode 3.2";
			developmentRegion = English;
			hasScannedForEncodings = 0;
			knownRegions = (
				en,
				Base,
			);
			mainGroup = F6B200461F462B4B002CA624;
			productRefGroup = F6B200501F462B4B002CA624 /* Products */;
			projectDirPath = "";
			projectRoot = "";
			targets = (
				F6B2004E1F462B4B002CA624 /* uprm1 */,
			);
		};
/* End PBXProject section */

/* Begin PBXResourcesBuildPhase section */
		F6B2004D1F462B4B002CA624 /* Resources */ = {
			isa = PBXResourcesBuildPhase;
			buildActionMask = 2147483647;
			files = (
				F6B2005D1F462B4B002CA624 /* LaunchScreen.storyboard in Resources */,
				F6B2005A1F462B4B002CA624 /* Assets.xcassets in Resources */,
				F6B200581F462B4B002CA624 /* Main.storyboard in Resources */,
			);
			runOnlyForDeploymentPostprocessing = 0;
		};
/* End PBXResourcesBuildPhase section */

/* Begin PBXShellScriptBuildPhase section */
		496F79A6D8A71DF8EDDE21E4 /* [CP] Embed Pods Frameworks */ = {
			isa = PBXShellScriptBuildPhase;
			buildActionMask = 2147483647;
			files = (
			);
			inputPaths = (
			);
			name = "[CP] Embed Pods Frameworks";
			outputPaths = (
			);
			runOnlyForDeploymentPostprocessing = 0;
			shellPath = /bin/sh;
			shellScript = "\"${SRCROOT}/Pods/Target Support Files/Pods-uprm1/Pods-uprm1-frameworks.sh\"\n";
			showEnvVarsInLog = 0;
		};
		542F422AF344EDCFFD7AD09B /* [CP] Copy Pods Resources */ = {
			isa = PBXShellScriptBuildPhase;
			buildActionMask = 2147483647;
			files = (
			);
			inputPaths = (
			);
			name = "[CP] Copy Pods Resources";
			outputPaths = (
			);
			runOnlyForDeploymentPostprocessing = 0;
			shellPath = /bin/sh;
			shellScript = "\"${SRCROOT}/Pods/Target Support Files/Pods-uprm1/Pods-uprm1-resources.sh\"\n";
			showEnvVarsInLog = 0;
		};
		F1AD5269C37E4B6EA1CECF4D /* [CP] Check Pods Manifest.lock */ = {
			isa = PBXShellScriptBuildPhase;
			buildActionMask = 2147483647;
			files = (
			);
			inputPaths = (
			);
			name = "[CP] Check Pods Manifest.lock";
			outputPaths = (
			);
			runOnlyForDeploymentPostprocessing = 0;
			shellPath = /bin/sh;
			shellScript = "diff \"${PODS_ROOT}/../Podfile.lock\" \"${PODS_ROOT}/Manifest.lock\" > /dev/null\nif [ $? != 0 ] ; then\n    # print error to STDERR\n    echo \"error: The sandbox is not in sync with the Podfile.lock. Run 'pod install' or update your CocoaPods installation.\" >&2\n    exit 1\nfi\n";
			showEnvVarsInLog = 0;
		};
/* End PBXShellScriptBuildPhase section */

/* Begin PBXSourcesBuildPhase section */
		F6B2004B1F462B4B002CA624 /* Sources */ = {
			isa = PBXSourcesBuildPhase;
			buildActionMask = 2147483647;
			files = (
				F6B200651F462FD7002CA624 /* TableViewCell.swift in Sources */,
				F65CBABA1F4668EA0045DD7D /* PostDetailViewController.swift in Sources */,
				F6B200671F4635BF002CA624 /* PosterViewController.swift in Sources */,
				F6C0988A1F47CA0100F16746 /* Comment.swift in Sources */,
				F6B200551F462B4B002CA624 /* ViewController.swift in Sources */,
				F6C0988C1F47CD5400F16746 /* CommenterViewController.swift in Sources */,
				F6762D7D1F5AFE4D0029B7C4 /* TopPostsViewController.swift in Sources */,
				F6B200531F462B4B002CA624 /* AppDelegate.swift in Sources */,
				F6B200691F4637D1002CA624 /* Post.swift in Sources */,
				F6C098881F47C6BD00F16746 /* CommentCell.swift in Sources */,
			);
			runOnlyForDeploymentPostprocessing = 0;
		};
/* End PBXSourcesBuildPhase section */

/* Begin PBXVariantGroup section */
		F6B200561F462B4B002CA624 /* Main.storyboard */ = {
			isa = PBXVariantGroup;
			children = (
				F6B200571F462B4B002CA624 /* Base */,
			);
			name = Main.storyboard;
			sourceTree = "<group>";
		};
		F6B2005B1F462B4B002CA624 /* LaunchScreen.storyboard */ = {
			isa = PBXVariantGroup;
			children = (
				F6B2005C1F462B4B002CA624 /* Base */,
			);
			name = LaunchScreen.storyboard;
			sourceTree = "<group>";
		};
/* End PBXVariantGroup section */

/* Begin XCBuildConfiguration section */
		F6B2005F1F462B4B002CA624 /* Debug */ = {
			isa = XCBuildConfiguration;
			buildSettings = {
				ALWAYS_SEARCH_USER_PATHS = NO;
				CLANG_ANALYZER_NONNULL = YES;
				CLANG_ANALYZER_NUMBER_OBJECT_CONVERSION = YES_AGGRESSIVE;
				CLANG_CXX_LANGUAGE_STANDARD = "gnu++0x";
				CLANG_CXX_LIBRARY = "libc++";
				CLANG_ENABLE_MODULES = YES;
				CLANG_ENABLE_OBJC_ARC = YES;
				CLANG_WARN_BOOL_CONVERSION = YES;
				CLANG_WARN_CONSTANT_CONVERSION = YES;
				CLANG_WARN_DIRECT_OBJC_ISA_USAGE = YES_ERROR;
				CLANG_WARN_DOCUMENTATION_COMMENTS = YES;
				CLANG_WARN_EMPTY_BODY = YES;
				CLANG_WARN_ENUM_CONVERSION = YES;
				CLANG_WARN_INFINITE_RECURSION = YES;
				CLANG_WARN_INT_CONVERSION = YES;
				CLANG_WARN_OBJC_ROOT_CLASS = YES_ERROR;
				CLANG_WARN_SUSPICIOUS_MOVE = YES;
				CLANG_WARN_UNREACHABLE_CODE = YES;
				CLANG_WARN__DUPLICATE_METHOD_MATCH = YES;
				"CODE_SIGN_IDENTITY[sdk=iphoneos*]" = "iPhone Developer";
				COPY_PHASE_STRIP = NO;
				DEBUG_INFORMATION_FORMAT = dwarf;
				ENABLE_STRICT_OBJC_MSGSEND = YES;
				ENABLE_TESTABILITY = YES;
				GCC_C_LANGUAGE_STANDARD = gnu99;
				GCC_DYNAMIC_NO_PIC = NO;
				GCC_NO_COMMON_BLOCKS = YES;
				GCC_OPTIMIZATION_LEVEL = 0;
				GCC_PREPROCESSOR_DEFINITIONS = (
					"DEBUG=1",
					"$(inherited)",
				);
				GCC_WARN_64_TO_32_BIT_CONVERSION = YES;
				GCC_WARN_ABOUT_RETURN_TYPE = YES_ERROR;
				GCC_WARN_UNDECLARED_SELECTOR = YES;
				GCC_WARN_UNINITIALIZED_AUTOS = YES_AGGRESSIVE;
				GCC_WARN_UNUSED_FUNCTION = YES;
				GCC_WARN_UNUSED_VARIABLE = YES;
				MTL_ENABLE_DEBUG_INFO = YES;
				ONLY_ACTIVE_ARCH = YES;
				SDKROOT = iphoneos;
				SWIFT_ACTIVE_COMPILATION_CONDITIONS = DEBUG;
				SWIFT_OPTIMIZATION_LEVEL = "-Onone";
				TARGETED_DEVICE_FAMILY = "1,2";
			};
			name = Debug;
		};
		F6B200601F462B4B002CA624 /* Release */ = {
			isa = XCBuildConfiguration;
			buildSettings = {
				ALWAYS_SEARCH_USER_PATHS = NO;
				CLANG_ANALYZER_NONNULL = YES;
				CLANG_ANALYZER_NUMBER_OBJECT_CONVERSION = YES_AGGRESSIVE;
				CLANG_CXX_LANGUAGE_STANDARD = "gnu++0x";
				CLANG_CXX_LIBRARY = "libc++";
				CLANG_ENABLE_MODULES = YES;
				CLANG_ENABLE_OBJC_ARC = YES;
				CLANG_WARN_BOOL_CONVERSION = YES;
				CLANG_WARN_CONSTANT_CONVERSION = YES;
				CLANG_WARN_DIRECT_OBJC_ISA_USAGE = YES_ERROR;
				CLANG_WARN_DOCUMENTATION_COMMENTS = YES;
				CLANG_WARN_EMPTY_BODY = YES;
				CLANG_WARN_ENUM_CONVERSION = YES;
				CLANG_WARN_INFINITE_RECURSION = YES;
				CLANG_WARN_INT_CONVERSION = YES;
				CLANG_WARN_OBJC_ROOT_CLASS = YES_ERROR;
				CLANG_WARN_SUSPICIOUS_MOVE = YES;
				CLANG_WARN_UNREACHABLE_CODE = YES;
				CLANG_WARN__DUPLICATE_METHOD_MATCH = YES;
				"CODE_SIGN_IDENTITY[sdk=iphoneos*]" = "iPhone Developer";
				COPY_PHASE_STRIP = NO;
				DEBUG_INFORMATION_FORMAT = "dwarf-with-dsym";
				ENABLE_NS_ASSERTIONS = NO;
				ENABLE_STRICT_OBJC_MSGSEND = YES;
				GCC_C_LANGUAGE_STANDARD = gnu99;
				GCC_NO_COMMON_BLOCKS = YES;
				GCC_WARN_64_TO_32_BIT_CONVERSION = YES;
				GCC_WARN_ABOUT_RETURN_TYPE = YES_ERROR;
				GCC_WARN_UNDECLARED_SELECTOR = YES;
				GCC_WARN_UNINITIALIZED_AUTOS = YES_AGGRESSIVE;
				GCC_WARN_UNUSED_FUNCTION = YES;
				GCC_WARN_UNUSED_VARIABLE = YES;
				MTL_ENABLE_DEBUG_INFO = NO;
				SDKROOT = iphoneos;
				SWIFT_OPTIMIZATION_LEVEL = "-Owholemodule";
				TARGETED_DEVICE_FAMILY = "1,2";
				VALIDATE_PRODUCT = YES;
			};
			name = Release;
		};
		F6B200621F462B4B002CA624 /* Debug */ = {
			isa = XCBuildConfiguration;
			baseConfigurationReference = 2640103034691582D0FA2499 /* Pods-uprm1.debug.xcconfig */;
			buildSettings = {
				ALWAYS_EMBED_SWIFT_STANDARD_LIBRARIES = YES;
				ASSETCATALOG_COMPILER_APPICON_NAME = AppIcon;
				DEVELOPMENT_TEAM = YQ83KTS9QR;
				INFOPLIST_FILE = uprm1/Info.plist;
				LD_RUNPATH_SEARCH_PATHS = "$(inherited) @executable_path/Frameworks";
				PRODUCT_BUNDLE_IDENTIFIER = Javdav.uprm1;
				PRODUCT_NAME = "$(TARGET_NAME)";
				SWIFT_VERSION = 3.0;
			};
			name = Debug;
		};
		F6B200631F462B4B002CA624 /* Release */ = {
			isa = XCBuildConfiguration;
			baseConfigurationReference = E783FCFC94C3455547FD4C9D /* Pods-uprm1.release.xcconfig */;
			buildSettings = {
				ALWAYS_EMBED_SWIFT_STANDARD_LIBRARIES = YES;
				ASSETCATALOG_COMPILER_APPICON_NAME = AppIcon;
				DEVELOPMENT_TEAM = YQ83KTS9QR;
				INFOPLIST_FILE = uprm1/Info.plist;
				LD_RUNPATH_SEARCH_PATHS = "$(inherited) @executable_path/Frameworks";
				PRODUCT_BUNDLE_IDENTIFIER = Javdav.uprm1;
				PRODUCT_NAME = "$(TARGET_NAME)";
				SWIFT_VERSION = 3.0;
			};
			name = Release;
		};
/* End XCBuildConfiguration section */

/* Begin XCConfigurationList section */
		F6B2004A1F462B4B002CA624 /* Build configuration list for PBXProject "uprm1" */ = {
			isa = XCConfigurationList;
			buildConfigurations = (
				F6B2005F1F462B4B002CA624 /* Debug */,
				F6B200601F462B4B002CA624 /* Release */,
			);
			defaultConfigurationIsVisible = 0;
			defaultConfigurationName = Release;
		};
		F6B200611F462B4B002CA624 /* Build configuration list for PBXNativeTarget "uprm1" */ = {
			isa = XCConfigurationList;
			buildConfigurations = (
				F6B200621F462B4B002CA624 /* Debug */,
				F6B200631F462B4B002CA624 /* Release */,
			);
			defaultConfigurationIsVisible = 0;
			defaultConfigurationName = Release;
		};
/* End XCConfigurationList section */
	};
	rootObject = F6B200471F462B4B002CA624 /* Project object */;
}
